
Microsoft Visual Studio Solution File, Format Version 12.00
# Visual Studio 15
VisualStudioVersion = 15.0.28307.852
MinimumVisualStudioVersion = 10.0.40219.1
Project("{8BC9CEB8-8B4A-11D0-8D11-00A0C91BC942}") = "HeapSorting", "HeapSorting\HeapSorting.vcxproj", "{B829F325-352C-4E8F-899B-5DEE77F5618F}"
EndProject
Global
	GlobalSection(SolutionConfigurationPlatforms) = preSolution
		Debug|x64 = Debug|x64
		Debug|x86 = Debug|x86
		Release|x64 = Release|x64
		Release|x86 = Release|x86
	EndGlobalSection
	GlobalSection(ProjectConfigurationPlatforms) = postSolution
		{B829F325-352C-4E8F-899B-5DEE77F5618F}.Debug|x64.ActiveCfg = Debug|x64
		{B829F325-352C-4E8F-899B-5DEE77F5618F}.Debug|x64.Build.0 = Debug|x64
		{B829F325-352C-4E8F-899B-5DEE77F5618F}.Debug|x86.ActiveCfg = Debug|Win32
		{B829F325-352C-4E8F-899B-5DEE77F5618F}.Debug|x86.Build.0 = Debug|Win32
		{B829F325-352C-4E8F-899B-5DEE77F5618F}.Release|x64.ActiveCfg = Release|x64
		{B829F325-352C-4E8F-899B-5DEE77F5618F}.Release|x64.Build.0 = Release|x64
		{B829F325-352C-4E8F-899B-5DEE77F5618F}.Release|x86.ActiveCfg = Release|Win32
		{B829F325-352C-4E8F-899B-5DEE77F5618F}.Release|x86.Build.0 = Release|Win32
	EndGlobalSection
	GlobalSection(SolutionProperties) = preSolution
		HideSolutionNode = FALSE
	EndGlobalSection
	GlobalSection(ExtensibilityGlobals) = postSolution
		SolutionGuid = {B5B1B4F9-C5F6-4EC6-8638-F4D53C145E11}
	EndGlobalSection
EndGlobal
